
Microsoft Visual Studio Solution File, Format Version 12.00
# Visual Studio 2017
Project("{FAE04EC0-301F-11D3-BF4B-00C04F79EFBC}") = "RazorPagesWikipedia", "RazorPagesWikipedia.csproj", "{51E53711-D963-43B9-916F-01CC0A02E759}"
EndProject
Global
	GlobalSection(SolutionConfigurationPlatforms) = preSolution
		Debug|Any CPU = Debug|Any CPU
		Release|Any CPU = Release|Any CPU
	EndGlobalSection
	GlobalSection(ProjectConfigurationPlatforms) = postSolution
		{51E53711-D963-43B9-916F-01CC0A02E759}.Debug|Any CPU.ActiveCfg = Debug|Any CPU
		{51E53711-D963-43B9-916F-01CC0A02E759}.Debug|Any CPU.Build.0 = Debug|Any CPU
		{51E53711-D963-43B9-916F-01CC0A02E759}.Release|Any CPU.ActiveCfg = Release|Any CPU
		{51E53711-D963-43B9-916F-01CC0A02E759}.Release|Any CPU.Build.0 = Release|Any CPU
	EndGlobalSection
EndGlobal
